{
  "name": "ward-steward",
  "version": "0.1.0",
  "lockfileVersion": 2,
  "requires": true,
  "packages": {
    "": {
      "name": "ward-steward",
      "version": "0.1.0",
      "license": "Apache2",
      "dependencies": {
        "connect": "~2.12.0",
        "connect_router": "~1.8.7",
        "passport": "~0.1.17",
        "passport-http-bearer": "~1.0.1",
        "passport-ldsauth": "~0.9.0",
        "passport-oauth": "~1.0.0"
      }
    },
    "node_modules/base64url": {
      "version": "3.0.1",
      "resolved": "https://registry.npmjs.org/base64url/-/base64url-3.0.1.tgz",
      "integrity": "sha512-ir1UPr3dkwexU7FdV8qBBbNDRUhMmIekYMFZfi+C/sLNnRESKPl23nB9b2pltqfOQNnGzsDdId90AEtG5tCx4A==",
      "engines": {
        "node": ">=6.0.0"
      }
    },
    "node_modules/batch": {
      "version": "0.5.0",
      "resolved": "https://registry.npmjs.org/batch/-/batch-0.5.0.tgz",
      "integrity": "sha512-avtDJBSxllB5QGphW1OXYF+ujhy/yIGgeFsvK6UiZLU86nWlqsNcZotUKd001wrl9MmZ9QIyVy8WFVEEpRIc5A=="
    },
    "node_modules/buffer-crc32": {
      "version": "0.2.1",
      "resolved": "https://registry.npmjs.org/buffer-crc32/-/buffer-crc32-0.2.1.tgz",
      "integrity": "sha512-vMfBIRp/wjlpueSz7Sb0OmO7C5SH58SSmbsT8G4D48YfO/Zgbr29xNXMpZVSC14ujVJfrZZH1Bl+kXYRQPuvfQ==",
      "engines": {
        "node": "*"
      }
    },
    "node_modules/bytes": {
      "version": "0.2.1",
      "resolved": "https://registry.npmjs.org/bytes/-/bytes-0.2.1.tgz",
      "integrity": "sha512-odbk8/wGazOuC1v8v4phoV285/yx8UN5kfQhhuxaVcceig4OUiCZQBtaEtmA1Q78QSTN9iXOQ7X2EViybrEvtQ=="
    },
    "node_modules/connect": {
      "version": "2.12.0",
      "resolved": "https://registry.npmjs.org/connect/-/connect-2.12.0.tgz",
      "integrity": "sha512-i3poGdQamCEvDhvaFuG99KUDCU1Cvv7S2T6YfpY4X2+a0+uDrUcpRk08AQEge3NhtidVKfODQfpoMW4xlbQ0LQ==",
      "deprecated": "connect 2.x series is deprecated",
      "dependencies": {
        "batch": "0.5.0",
        "buffer-crc32": "0.2.1",
        "bytes": "0.2.1",
        "cookie": "0.1.0",
        "cookie-signature": "1.0.1",
        "debug": ">= 0.7.3 < 1",
        "fresh": "0.2.0",
        "methods": "0.1.0",
        "multiparty": "2.2.0",
        "negotiator": "0.3.0",
        "pause": "0.0.1",
        "qs": "0.6.6",
        "raw-body": "1.1.2",
        "send": "0.1.4",
        "uid2": "0.0.3"
      },
      "engines": {
        "node": ">= 0.8.0"
      }
    },
    "node_modules/connect_router": {
      "version": "1.8.7",
      "resolved": "https://registry.npmjs.org/connect_router/-/connect_router-1.8.7.tgz",
      "integrity": "sha512-rq0c/5Nx8mwtOVn9LsHMBX/fPhEOE23bX6XmOOneuzIj8yVsAAggh+x1cJj+xifOU4UIG/Slk6QWSyelRlw7aQ==",
      "deprecated": "Please use https://github.com/expressjs/urlrouter instead. Note that some bugfixes introduced in urlrouter may cause unexpected behavior in a few rare edge cases.",
      "engines": {
        "node": "*"
      }
    },
    "node_modules/cookie": {
      "version": "0.1.0",
      "resolved": "https://registry.npmjs.org/cookie/-/cookie-0.1.0.tgz",
      "integrity": "sha512-YSNOBX085/nzHvrTLEHYHoNdkvpLU1MPjU3r1IGawudZJjfuqnRNIFrcOJJ7bfwC+HWbHL1Y4yMkC0O+HWjV7w==",
      "engines": {
        "node": "*"
      }
    },
    "node_modules/cookie-signature": {
      "version": "1.0.1",
      "resolved": "https://registry.npmjs.org/cookie-signature/-/cookie-signature-1.0.1.tgz",
      "integrity": "sha512-FMG5ziBzXZ5d4j5obbWOH1X7AtIpsU9ce9mQ+lHo/I1++kzz/isNarOj6T1lBPRspP3mZpuIutc7OVDVcaN1Kg=="
    },
    "node_modules/core-util-is": {
      "version": "1.0.3",
      "resolved": "https://registry.npmjs.org/core-util-is/-/core-util-is-1.0.3.tgz",
      "integrity": "sha512-ZQBvi1DcpJ4GDqanjucZ2Hj3wEO5pZDS89BWbkcrvdxksJorwUDDZamX9ldFkp9aw2lmBDLgkObEA4DWNJ9FYQ=="
    },
    "node_modules/debug": {
      "version": "0.8.1",
      "resolved": "https://registry.npmjs.org/debug/-/debug-0.8.1.tgz",
      "integrity": "sha512-HlXEJm99YsRjLJ8xmuz0Lq8YUwrv7hAJkTEr6/Em3sUlSUNl0UdFA+1SrY4fnykeq1FVkUEUtwRGHs9VvlYbGA==",
      "engines": {
        "node": "*"
      }
    },
    "node_modules/fresh": {
      "version": "0.2.0",
      "resolved": "https://registry.npmjs.org/fresh/-/fresh-0.2.0.tgz",
      "integrity": "sha512-ckGdAuSRr1wBmnq7CsW7eU37DBwQxHx3vW8foJUIrF56rkOy8Osm6Fe8KSwemwyKejivKki7jVBgpBpBJexmrw=="
    },
    "node_modules/inherits": {
      "version": "2.0.4",
      "resolved": "https://registry.npmjs.org/inherits/-/inherits-2.0.4.tgz",
      "integrity": "sha512-k/vGaX4/Yla3WzyMCvTQOXYeIHvqOKtnqBduzTHpzpQZzAskKMhZ2K+EnBiSM9zGSoIFeMpXKxa4dYeZIQqewQ=="
    },
    "node_modules/isarray": {
      "version": "0.0.1",
      "resolved": "https://registry.npmjs.org/isarray/-/isarray-0.0.1.tgz",
      "integrity": "sha512-D2S+3GLxWH+uhrNEcoh/fnmYeP8E8/zHl644d/jdA0g2uyXvy3sb0qxotE+ne0LtccHknQzWwZEzhak7oJ0COQ=="
    },
    "node_modules/methods": {
      "version": "0.1.0",
      "resolved": "https://registry.npmjs.org/methods/-/methods-0.1.0.tgz",
      "integrity": "sha512-N4cn4CbDqu7Fp3AT4z3AsO19calgczhsmCGzXLCiUOrWg9sjb1B+yKFKOrnnPGKKvjyJBmw+k6b3adFN2LbuBw=="
    },
    "node_modules/mime": {
      "version": "1.2.11",
      "resolved": "https://registry.npmjs.org/mime/-/mime-1.2.11.tgz",
      "integrity": "sha512-Ysa2F/nqTNGHhhm9MV8ure4+Hc+Y8AWiqUdHxsO7xu8zc92ND9f3kpALHjaP026Ft17UfxrMt95c50PLUeynBw=="
    },
    "node_modules/multiparty": {
      "version": "2.2.0",
      "resolved": "https://registry.npmjs.org/multiparty/-/multiparty-2.2.0.tgz",
      "integrity": "sha512-fiFMI4tSze1TsrWFZNABRwy7kF/VycEWz4t0UFESOoP5IdJh29AUFmbirWXv/Ih/rNw62OO2YaQpQEiw1BFQpQ==",
      "dependencies": {
        "readable-stream": "~1.1.9",
        "stream-counter": "~0.2.0"
      },
      "engines": {
        "node": ">=0.8.0"
      }
    },
    "node_modules/negotiator": {
      "version": "0.3.0",
      "resolved": "https://registry.npmjs.org/negotiator/-/negotiator-0.3.0.tgz",
      "integrity": "sha512-q9wF64uB31BDZQ44DWf+8gE7y8xSpBdREAsJfnBO2WX9ecsutfUO6S9uWEdixlDLOlWaqnlnFXXwZxUUmyLfgg==",
      "engines": {
        "node": "*"
      }
    },
    "node_modules/oauth": {
      "version": "0.9.15",
      "resolved": "https://registry.npmjs.org/oauth/-/oauth-0.9.15.tgz",
      "integrity": "sha512-a5ERWK1kh38ExDEfoO6qUHJb32rd7aYmPHuyCu3Fta/cnICvYmgd2uhuKXvPD+PXB+gCEYYEaQdIRAjCOwAKNA=="
    },
    "node_modules/passport": {
      "version": "0.1.18",
      "resolved": "https://registry.npmjs.org/passport/-/passport-0.1.18.tgz",
      "integrity": "sha512-qteYojKG/qth7UBbbGU7aqhe5ndJs6YaUkH2B6+7FWQ0OeyYmWknzOATpMhdoSTDcLLliq9n4Fcy1mGs80iUMw==",
      "dependencies": {
        "pause": "0.0.1",
        "pkginfo": "0.2.x"
      },
      "engines": {
        "node": ">= 0.4.0"
      }
    },
    "node_modules/passport-http-bearer": {
      "version": "1.0.1",
      "resolved": "https://registry.npmjs.org/passport-http-bearer/-/passport-http-bearer-1.0.1.tgz",
      "integrity": "sha512-SELQM+dOTuMigr9yu8Wo4Fm3ciFfkMq5h/ZQ8ffi4ELgZrX1xh9PlglqZdcUZ1upzJD/whVyt+YWF62s3U6Ipw==",
      "dependencies": {
        "passport-strategy": "1.x.x"
      },
      "engines": {
        "node": ">= 0.4.0"
      }
    },
    "node_modules/passport-ldsauth": {
      "version": "0.9.1",
      "resolved": "https://registry.npmjs.org/passport-ldsauth/-/passport-ldsauth-0.9.1.tgz",
      "integrity": "sha512-oyjQRUyZsiqWa29sKV55P+zvCMpPJ60AOgdVes4mUoOmoh3oywY7jmI0eWzckxY9M/OxHQyLjNN0ilH5XwJUaw==",
      "dependencies": {
        "passport-oauth": "~1.0.0"
      }
    },
    "node_modules/passport-oauth": {
      "version": "1.0.0",
      "resolved": "https://registry.npmjs.org/passport-oauth/-/passport-oauth-1.0.0.tgz",
      "integrity": "sha512-4IZNVsZbN1dkBzmEbBqUxDG8oFOIK81jqdksE3HEb/vI3ib3FMjbiZZ6MTtooyYZzmKu0BfovjvT1pdGgIq+4Q==",
      "dependencies": {
        "passport-oauth1": "1.x.x",
        "passport-oauth2": "1.x.x"
      },
      "engines": {
        "node": ">= 0.4.0"
      }
    },
    "node_modules/passport-oauth1": {
      "version": "1.3.0",
      "resolved": "https://registry.npmjs.org/passport-oauth1/-/passport-oauth1-1.3.0.tgz",
      "integrity": "sha512-8T/nX4gwKTw0PjxP1xfD0QhrydQNakzeOpZ6M5Uqdgz9/a/Ag62RmJxnZQ4LkbdXGrRehQHIAHNAu11rCP46Sw==",
      "dependencies": {
        "oauth": "0.9.x",
        "passport-strategy": "1.x.x",
        "utils-merge": "1.x.x"
      },
      "engines": {
        "node": ">= 0.4.0"
      },
      "funding": {
        "type": "github",
        "url": "https://github.com/sponsors/jaredhanson"
      }
    },
    "node_modules/passport-oauth2": {
      "version": "1.8.0",
      "resolved": "https://registry.npmjs.org/passport-oauth2/-/passport-oauth2-1.8.0.tgz",
      "integrity": "sha512-cjsQbOrXIDE4P8nNb3FQRCCmJJ/utnFKEz2NX209f7KOHPoX18gF7gBzBbLLsj2/je4KrgiwLLGjf0lm9rtTBA==",
      "dependencies": {
        "base64url": "3.x.x",
        "oauth": "0.10.x",
        "passport-strategy": "1.x.x",
        "uid2": "0.0.x",
        "utils-merge": "1.x.x"
      },
      "engines": {
        "node": ">= 0.4.0"
      },
      "funding": {
        "type": "github",
        "url": "https://github.com/sponsors/jaredhanson"
      }
    },
    "node_modules/passport-oauth2/node_modules/oauth": {
      "version": "0.10.0",
      "resolved": "https://registry.npmjs.org/oauth/-/oauth-0.10.0.tgz",
      "integrity": "sha512-1orQ9MT1vHFGQxhuy7E/0gECD3fd2fCC+PIX+/jgmU/gI3EpRocXtmtvxCO5x3WZ443FLTLFWNDjl5MPJf9u+Q=="
    },
    "node_modules/passport-strategy": {
      "version": "1.0.0",
      "resolved": "https://registry.npmjs.org/passport-strategy/-/passport-strategy-1.0.0.tgz",
      "integrity": "sha512-CB97UUvDKJde2V0KDWWB3lyf6PC3FaZP7YxZ2G8OAtn9p4HI9j9JLP9qjOGZFvyl8uwNT8qM+hGnz/n16NI7oA==",
      "engines": {
        "node": ">= 0.4.0"
      }
    },
    "node_modules/pause": {
      "version": "0.0.1",
      "resolved": "https://registry.npmjs.org/pause/-/pause-0.0.1.tgz",
      "integrity": "sha512-KG8UEiEVkR3wGEb4m5yZkVCzigAD+cVEJck2CzYZO37ZGJfctvVptVO192MwrtPhzONn6go8ylnOdMhKqi4nfg=="
    },
    "node_modules/pkginfo": {
      "version": "0.2.3",
      "resolved": "https://registry.npmjs.org/pkginfo/-/pkginfo-0.2.3.tgz",
      "integrity": "sha512-7W7wTrE/NsY8xv/DTGjwNIyNah81EQH0MWcTzrHL6pOpMocOGZc0Mbdz9aXxSrp+U0mSmkU8jrNCDCfUs3sOBg==",
      "engines": {
        "node": ">= 0.4.0"
      }
    },
    "node_modules/qs": {
      "version": "0.6.6",
      "resolved": "https://registry.npmjs.org/qs/-/qs-0.6.6.tgz",
      "integrity": "sha512-kN+yNdAf29Jgp+AYHUmC7X4QdJPR8czuMWLNLc0aRxkQ7tB3vJQEONKKT9ou/rW7EbqVec11srC9q9BiVbcnHA==",
      "engines": {
        "node": "*"
      }
    },
    "node_modules/range-parser": {
      "version": "0.0.4",
      "resolved": "https://registry.npmjs.org/range-parser/-/range-parser-0.0.4.tgz",
      "integrity": "sha512-okJVEq9DbZyg+5lD8pr6ooQmeA0uu8DYIyAU7VK1WUUK7hctI1yw2ZHhKiKjB6RXaDrYRmTR4SsIHkyiQpaLMA==",
      "engines": {
        "node": "*"
      }
    },
    "node_modules/raw-body": {
      "version": "1.1.2",
      "resolved": "https://registry.npmjs.org/raw-body/-/raw-body-1.1.2.tgz",
      "integrity": "sha512-9Vyxam2+QrtmNIc3mFrwazAXOeQdxgFvS3vvkvH02R5YbdsaSqL4N9M93s0znkh0q4cGBk8CbrqOSGkz3BUeDg==",
      "dependencies": {
        "bytes": "~0.2.1"
      },
      "engines": {
        "node": ">= 0.8.0"
      }
    },
    "node_modules/readable-stream": {
      "version": "1.1.14",
      "resolved": "https://registry.npmjs.org/readable-stream/-/readable-stream-1.1.14.tgz",
      "integrity": "sha512-+MeVjFf4L44XUkhM1eYbD8fyEsxcV81pqMSR5gblfcLCHfZvbrqy4/qYHE+/R5HoBUT11WV5O08Cr1n3YXkWVQ==",
      "dependencies": {
        "core-util-is": "~1.0.0",
        "inherits": "~2.0.1",
        "isarray": "0.0.1",
        "string_decoder": "~0.10.x"
      }
    },
    "node_modules/send": {
      "version": "0.1.4",
      "resolved": "https://registry.npmjs.org/send/-/send-0.1.4.tgz",
      "integrity": "sha512-NJnIaB29/EcNqkNneUAm16oEVnzM2LeNBc/hmgKuExv2k9pCZQEw8SHJeCdjqesHJTyWAr7x5HjeOmRFS4BoFw==",
      "dependencies": {
        "debug": "*",
        "fresh": "0.2.0",
        "mime": "~1.2.9",
        "range-parser": "0.0.4"
      }
    },
    "node_modules/stream-counter": {
      "version": "0.2.0",
      "resolved": "https://registry.npmjs.org/stream-counter/-/stream-counter-0.2.0.tgz",
      "integrity": "sha512-GjA2zKc2iXUUKRcOxXQmhEx0Ev3XHJ6c8yWGqhQjWwhGrqNwSsvq9YlRLgoGtZ5Kx2Ln94IedaqJ5GUG6aBbxA==",
      "dependencies": {
        "readable-stream": "~1.1.8"
      },
      "engines": {
        "node": ">=0.8.0"
      }
    },
    "node_modules/string_decoder": {
      "version": "0.10.31",
      "resolved": "https://registry.npmjs.org/string_decoder/-/string_decoder-0.10.31.tgz",
      "integrity": "sha512-ev2QzSzWPYmy9GuqfIVildA4OdcGLeFZQrq5ys6RtiuF+RQQiZWr8TZNyAcuVXyQRYfEO+MsoB/1BuQVhOJuoQ=="
    },
    "node_modules/uid2": {
      "version": "0.0.3",
      "resolved": "https://registry.npmjs.org/uid2/-/uid2-0.0.3.tgz",
      "integrity": "sha512-5gSP1liv10Gjp8cMEnFd6shzkL/D6W1uhXSFNCxDC+YI8+L8wkCYCbJ7n77Ezb4wE/xzMogecE+DtamEe9PZjg=="
    },
    "node_modules/utils-merge": {
      "version": "1.0.1",
      "resolved": "https://registry.npmjs.org/utils-merge/-/utils-merge-1.0.1.tgz",
      "integrity": "sha512-pMZTvIkT1d+TFGvDOqodOclx0QWkkgi6Tdoa8gC8ffGAAqz9pzPTZWAybbsHHoED/ztMtkv/VoYTYyShUn81hA==",
      "engines": {
        "node": ">= 0.4.0"
      }
    }
  },
  "dependencies": {
    "base64url": {
      "version": "3.0.1",
      "resolved": "https://registry.npmjs.org/base64url/-/base64url-3.0.1.tgz",
      "integrity": "sha512-ir1UPr3dkwexU7FdV8qBBbNDRUhMmIekYMFZfi+C/sLNnRESKPl23nB9b2pltqfOQNnGzsDdId90AEtG5tCx4A=="
    },
    "batch": {
      "version": "0.5.0",
      "resolved": "https://registry.npmjs.org/batch/-/batch-0.5.0.tgz",
      "integrity": "sha512-avtDJBSxllB5QGphW1OXYF+ujhy/yIGgeFsvK6UiZLU86nWlqsNcZotUKd001wrl9MmZ9QIyVy8WFVEEpRIc5A=="
    },
    "buffer-crc32": {
      "version": "0.2.1",
      "resolved": "https://registry.npmjs.org/buffer-crc32/-/buffer-crc32-0.2.1.tgz",
      "integrity": "sha512-vMfBIRp/wjlpueSz7Sb0OmO7C5SH58SSmbsT8G4D48YfO/Zgbr29xNXMpZVSC14ujVJfrZZH1Bl+kXYRQPuvfQ=="
    },
    "bytes": {
      "version": "0.2.1",
      "resolved": "https://registry.npmjs.org/bytes/-/bytes-0.2.1.tgz",
      "integrity": "sha512-odbk8/wGazOuC1v8v4phoV285/yx8UN5kfQhhuxaVcceig4OUiCZQBtaEtmA1Q78QSTN9iXOQ7X2EViybrEvtQ=="
    },
    "connect": {
      "version": "2.12.0",
      "resolved": "https://registry.npmjs.org/connect/-/connect-2.12.0.tgz",
      "integrity": "sha512-i3poGdQamCEvDhvaFuG99KUDCU1Cvv7S2T6YfpY4X2+a0+uDrUcpRk08AQEge3NhtidVKfODQfpoMW4xlbQ0LQ==",
      "requires": {
        "batch": "0.5.0",
        "buffer-crc32": "0.2.1",
        "bytes": "0.2.1",
        "cookie": "0.1.0",
        "cookie-signature": "1.0.1",
        "debug": ">= 0.7.3 < 1",
        "fresh": "0.2.0",
        "methods": "0.1.0",
        "multiparty": "2.2.0",
        "negotiator": "0.3.0",
        "pause": "0.0.1",
        "qs": "0.6.6",
        "raw-body": "1.1.2",
        "send": "0.1.4",
        "uid2": "0.0.3"
      }
    },
    "connect_router": {
      "version": "1.8.7",
      "resolved": "https://registry.npmjs.org/connect_router/-/connect_router-1.8.7.tgz",
      "integrity": "sha512-rq0c/5Nx8mwtOVn9LsHMBX/fPhEOE23bX6XmOOneuzIj8yVsAAggh+x1cJj+xifOU4UIG/Slk6QWSyelRlw7aQ=="
    },
    "cookie": {
      "version": "0.1.0",
      "resolved": "https://registry.npmjs.org/cookie/-/cookie-0.1.0.tgz",
      "integrity": "sha512-YSNOBX085/nzHvrTLEHYHoNdkvpLU1MPjU3r1IGawudZJjfuqnRNIFrcOJJ7bfwC+HWbHL1Y4yMkC0O+HWjV7w=="
    },
    "cookie-signature": {
      "version": "1.0.1",
      "resolved": "https://registry.npmjs.org/cookie-signature/-/cookie-signature-1.0.1.tgz",
      "integrity": "sha512-FMG5ziBzXZ5d4j5obbWOH1X7AtIpsU9ce9mQ+lHo/I1++kzz/isNarOj6T1lBPRspP3mZpuIutc7OVDVcaN1Kg=="
    },
    "core-util-is": {
      "version": "1.0.3",
      "resolved": "https://registry.npmjs.org/core-util-is/-/core-util-is-1.0.3.tgz",
      "integrity": "sha512-ZQBvi1DcpJ4GDqanjucZ2Hj3wEO5pZDS89BWbkcrvdxksJorwUDDZamX9ldFkp9aw2lmBDLgkObEA4DWNJ9FYQ=="
    },
    "debug": {
      "version": "0.8.1",
      "resolved": "https://registry.npmjs.org/debug/-/debug-0.8.1.tgz",
      "integrity": "sha512-HlXEJm99YsRjLJ8xmuz0Lq8YUwrv7hAJkTEr6/Em3sUlSUNl0UdFA+1SrY4fnykeq1FVkUEUtwRGHs9VvlYbGA=="
    },
    "fresh": {
      "version": "0.2.0",
      "resolved": "https://registry.npmjs.org/fresh/-/fresh-0.2.0.tgz",
      "integrity": "sha512-ckGdAuSRr1wBmnq7CsW7eU37DBwQxHx3vW8foJUIrF56rkOy8Osm6Fe8KSwemwyKejivKki7jVBgpBpBJexmrw=="
    },
    "inherits": {
      "version": "2.0.4",
      "resolved": "https://registry.npmjs.org/inherits/-/inherits-2.0.4.tgz",
      "integrity": "sha512-k/vGaX4/Yla3WzyMCvTQOXYeIHvqOKtnqBduzTHpzpQZzAskKMhZ2K+EnBiSM9zGSoIFeMpXKxa4dYeZIQqewQ=="
    },
    "isarray": {
      "version": "0.0.1",
      "resolved": "https://registry.npmjs.org/isarray/-/isarray-0.0.1.tgz",
      "integrity": "sha512-D2S+3GLxWH+uhrNEcoh/fnmYeP8E8/zHl644d/jdA0g2uyXvy3sb0qxotE+ne0LtccHknQzWwZEzhak7oJ0COQ=="
    },
    "methods": {
      "version": "0.1.0",
      "resolved": "https://registry.npmjs.org/methods/-/methods-0.1.0.tgz",
      "integrity": "sha512-N4cn4CbDqu7Fp3AT4z3AsO19calgczhsmCGzXLCiUOrWg9sjb1B+yKFKOrnnPGKKvjyJBmw+k6b3adFN2LbuBw=="
    },
    "mime": {
      "version": "1.2.11",
      "resolved": "https://registry.npmjs.org/mime/-/mime-1.2.11.tgz",
      "integrity": "sha512-Ysa2F/nqTNGHhhm9MV8ure4+Hc+Y8AWiqUdHxsO7xu8zc92ND9f3kpALHjaP026Ft17UfxrMt95c50PLUeynBw=="
    },
    "multiparty": {
      "version": "2.2.0",
      "resolved": "https://registry.npmjs.org/multiparty/-/multiparty-2.2.0.tgz",
      "integrity": "sha512-fiFMI4tSze1TsrWFZNABRwy7kF/VycEWz4t0UFESOoP5IdJh29AUFmbirWXv/Ih/rNw62OO2YaQpQEiw1BFQpQ==",
      "requires": {
        "readable-stream": "~1.1.9",
        "stream-counter": "~0.2.0"
      }
    },
    "negotiator": {
      "version": "0.3.0",
      "resolved": "https://registry.npmjs.org/negotiator/-/negotiator-0.3.0.tgz",
      "integrity": "sha512-q9wF64uB31BDZQ44DWf+8gE7y8xSpBdREAsJfnBO2WX9ecsutfUO6S9uWEdixlDLOlWaqnlnFXXwZxUUmyLfgg=="
    },
    "oauth": {
      "version": "0.9.15",
      "resolved": "https://registry.npmjs.org/oauth/-/oauth-0.9.15.tgz",
      "integrity": "sha512-a5ERWK1kh38ExDEfoO6qUHJb32rd7aYmPHuyCu3Fta/cnICvYmgd2uhuKXvPD+PXB+gCEYYEaQdIRAjCOwAKNA=="
    },
    "passport": {
      "version": "0.1.18",
      "resolved": "https://registry.npmjs.org/passport/-/passport-0.1.18.tgz",
      "integrity": "sha512-qteYojKG/qth7UBbbGU7aqhe5ndJs6YaUkH2B6+7FWQ0OeyYmWknzOATpMhdoSTDcLLliq9n4Fcy1mGs80iUMw==",
      "requires": {
        "pause": "0.0.1",
        "pkginfo": "0.2.x"
      }
    },
    "passport-http-bearer": {
      "version": "1.0.1",
      "resolved": "https://registry.npmjs.org/passport-http-bearer/-/passport-http-bearer-1.0.1.tgz",
      "integrity": "sha512-SELQM+dOTuMigr9yu8Wo4Fm3ciFfkMq5h/ZQ8ffi4ELgZrX1xh9PlglqZdcUZ1upzJD/whVyt+YWF62s3U6Ipw==",
      "requires": {
        "passport-strategy": "1.x.x"
      }
    },
    "passport-ldsauth": {
      "version": "0.9.1",
      "resolved": "https://registry.npmjs.org/passport-ldsauth/-/passport-ldsauth-0.9.1.tgz",
      "integrity": "sha512-oyjQRUyZsiqWa29sKV55P+zvCMpPJ60AOgdVes4mUoOmoh3oywY7jmI0eWzckxY9M/OxHQyLjNN0ilH5XwJUaw==",
      "requires": {
        "passport-oauth": "~1.0.0"
      }
    },
    "passport-oauth": {
      "version": "1.0.0",
      "resolved": "https://registry.npmjs.org/passport-oauth/-/passport-oauth-1.0.0.tgz",
      "integrity": "sha512-4IZNVsZbN1dkBzmEbBqUxDG8oFOIK81jqdksE3HEb/vI3ib3FMjbiZZ6MTtooyYZzmKu0BfovjvT1pdGgIq+4Q==",
      "requires": {
        "passport-oauth1": "1.x.x",
        "passport-oauth2": "1.x.x"
      }
    },
    "passport-oauth1": {
      "version": "1.3.0",
      "resolved": "https://registry.npmjs.org/passport-oauth1/-/passport-oauth1-1.3.0.tgz",
      "integrity": "sha512-8T/nX4gwKTw0PjxP1xfD0QhrydQNakzeOpZ6M5Uqdgz9/a/Ag62RmJxnZQ4LkbdXGrRehQHIAHNAu11rCP46Sw==",
      "requires": {
        "oauth": "0.9.x",
        "passport-strategy": "1.x.x",
        "utils-merge": "1.x.x"
      }
    },
    "passport-oauth2": {
      "version": "1.8.0",
      "resolved": "https://registry.npmjs.org/passport-oauth2/-/passport-oauth2-1.8.0.tgz",
      "integrity": "sha512-cjsQbOrXIDE4P8nNb3FQRCCmJJ/utnFKEz2NX209f7KOHPoX18gF7gBzBbLLsj2/je4KrgiwLLGjf0lm9rtTBA==",
      "requires": {
        "base64url": "3.x.x",
        "oauth": "0.10.x",
        "passport-strategy": "1.x.x",
        "uid2": "0.0.x",
        "utils-merge": "1.x.x"
      },
      "dependencies": {
        "oauth": {
          "version": "0.10.0",
          "resolved": "https://registry.npmjs.org/oauth/-/oauth-0.10.0.tgz",
          "integrity": "sha512-1orQ9MT1vHFGQxhuy7E/0gECD3fd2fCC+PIX+/jgmU/gI3EpRocXtmtvxCO5x3WZ443FLTLFWNDjl5MPJf9u+Q=="
        }
      }
    },
    "passport-strategy": {
      "version": "1.0.0",
      "resolved": "https://registry.npmjs.org/passport-strategy/-/passport-strategy-1.0.0.tgz",
      "integrity": "sha512-CB97UUvDKJde2V0KDWWB3lyf6PC3FaZP7YxZ2G8OAtn9p4HI9j9JLP9qjOGZFvyl8uwNT8qM+hGnz/n16NI7oA=="
    },
    "pause": {
      "version": "0.0.1",
      "resolved": "https://registry.npmjs.org/pause/-/pause-0.0.1.tgz",
      "integrity": "sha512-KG8UEiEVkR3wGEb4m5yZkVCzigAD+cVEJck2CzYZO37ZGJfctvVptVO192MwrtPhzONn6go8ylnOdMhKqi4nfg=="
    },
    "pkginfo": {
      "version": "0.2.3",
      "resolved": "https://registry.npmjs.org/pkginfo/-/pkginfo-0.2.3.tgz",
      "integrity": "sha512-7W7wTrE/NsY8xv/DTGjwNIyNah81EQH0MWcTzrHL6pOpMocOGZc0Mbdz9aXxSrp+U0mSmkU8jrNCDCfUs3sOBg=="
    },
    "qs": {
      "version": "0.6.6",
      "resolved": "https://registry.npmjs.org/qs/-/qs-0.6.6.tgz",
      "integrity": "sha512-kN+yNdAf29Jgp+AYHUmC7X4QdJPR8czuMWLNLc0aRxkQ7tB3vJQEONKKT9ou/rW7EbqVec11srC9q9BiVbcnHA=="
    },
    "range-parser": {
      "version": "0.0.4",
      "resolved": "https://registry.npmjs.org/range-parser/-/range-parser-0.0.4.tgz",
      "integrity": "sha512-okJVEq9DbZyg+5lD8pr6ooQmeA0uu8DYIyAU7VK1WUUK7hctI1yw2ZHhKiKjB6RXaDrYRmTR4SsIHkyiQpaLMA=="
    },
    "raw-body": {
      "version": "1.1.2",
      "resolved": "https://registry.npmjs.org/raw-body/-/raw-body-1.1.2.tgz",
      "integrity": "sha512-9Vyxam2+QrtmNIc3mFrwazAXOeQdxgFvS3vvkvH02R5YbdsaSqL4N9M93s0znkh0q4cGBk8CbrqOSGkz3BUeDg==",
      "requires": {
        "bytes": "~0.2.1"
      }
    },
    "readable-stream": {
      "version": "1.1.14",
      "resolved": "https://registry.npmjs.org/readable-stream/-/readable-stream-1.1.14.tgz",
      "integrity": "sha512-+MeVjFf4L44XUkhM1eYbD8fyEsxcV81pqMSR5gblfcLCHfZvbrqy4/qYHE+/R5HoBUT11WV5O08Cr1n3YXkWVQ==",
      "requires": {
        "core-util-is": "~1.0.0",
        "inherits": "~2.0.1",
        "isarray": "0.0.1",
        "string_decoder": "~0.10.x"
      }
    },
    "send": {
      "version": "0.1.4",
      "resolved": "https://registry.npmjs.org/send/-/send-0.1.4.tgz",
      "integrity": "sha512-NJnIaB29/EcNqkNneUAm16oEVnzM2LeNBc/hmgKuExv2k9pCZQEw8SHJeCdjqesHJTyWAr7x5HjeOmRFS4BoFw==",
      "requires": {
        "debug": "*",
        "fresh": "0.2.0",
        "mime": "~1.2.9",
        "range-parser": "0.0.4"
      }
    },
    "stream-counter": {
      "version": "0.2.0",
      "resolved": "https://registry.npmjs.org/stream-counter/-/stream-counter-0.2.0.tgz",
      "integrity": "sha512-GjA2zKc2iXUUKRcOxXQmhEx0Ev3XHJ6c8yWGqhQjWwhGrqNwSsvq9YlRLgoGtZ5Kx2Ln94IedaqJ5GUG6aBbxA==",
      "requires": {
        "readable-stream": "~1.1.8"
      }
    },
    "string_decoder": {
      "version": "0.10.31",
      "resolved": "https://registry.npmjs.org/string_decoder/-/string_decoder-0.10.31.tgz",
      "integrity": "sha512-ev2QzSzWPYmy9GuqfIVildA4OdcGLeFZQrq5ys6RtiuF+RQQiZWr8TZNyAcuVXyQRYfEO+MsoB/1BuQVhOJuoQ=="
    },
    "uid2": {
      "version": "0.0.3",
      "resolved": "https://registry.npmjs.org/uid2/-/uid2-0.0.3.tgz",
      "integrity": "sha512-5gSP1liv10Gjp8cMEnFd6shzkL/D6W1uhXSFNCxDC+YI8+L8wkCYCbJ7n77Ezb4wE/xzMogecE+DtamEe9PZjg=="
    },
    "utils-merge": {
      "version": "1.0.1",
      "resolved": "https://registry.npmjs.org/utils-merge/-/utils-merge-1.0.1.tgz",
      "integrity": "sha512-pMZTvIkT1d+TFGvDOqodOclx0QWkkgi6Tdoa8gC8ffGAAqz9pzPTZWAybbsHHoED/ztMtkv/VoYTYyShUn81hA=="
    }
  }
}
