lockfileVersion: '9.0'

settings:
  autoInstallPeers: true
  excludeLinksFromLockfile: false

importers:

  .:
    dependencies:
      connect:
        specifier: ~2.12.0
        version: 2.12.0
      connect-redis:
        specifier: ^7.1.1
        version: 7.1.1(express-session@1.18.0)
      connect_router:
        specifier: ~1.8.7
        version: 1.8.7
      cookie-parser:
        specifier: ^1.4.6
        version: 1.4.6
      express-session:
        specifier: ^1.18.0
        version: 1.18.0
      ioredis:
        specifier: ^5.4.1
        version: 5.4.1
      passport:
        specifier: ~0.1.17
        version: 0.1.18
      passport-http-bearer:
        specifier: ~1.0.1
        version: 1.0.1
      passport-ldsauth:
        specifier: ~0.9.0
        version: 0.9.1
      passport-oauth:
        specifier: ~1.0.0
        version: 1.0.0

packages:

  '@ioredis/commands@1.2.0':
    resolution: {integrity: sha512-Sx1pU8EM64o2BrqNpEO1CNLtKQwyhuXuqyfH7oGKCk+1a33d2r5saW8zNwm3j6BTExtjrv2BxTgzzkMwts6vGg==}

  base64url@3.0.1:
    resolution: {integrity: sha512-ir1UPr3dkwexU7FdV8qBBbNDRUhMmIekYMFZfi+C/sLNnRESKPl23nB9b2pltqfOQNnGzsDdId90AEtG5tCx4A==}
    engines: {node: '>=6.0.0'}

  batch@0.5.0:
    resolution: {integrity: sha512-avtDJBSxllB5QGphW1OXYF+ujhy/yIGgeFsvK6UiZLU86nWlqsNcZotUKd001wrl9MmZ9QIyVy8WFVEEpRIc5A==}

  buffer-crc32@0.2.1:
    resolution: {integrity: sha512-vMfBIRp/wjlpueSz7Sb0OmO7C5SH58SSmbsT8G4D48YfO/Zgbr29xNXMpZVSC14ujVJfrZZH1Bl+kXYRQPuvfQ==}

  bytes@0.2.1:
    resolution: {integrity: sha512-odbk8/wGazOuC1v8v4phoV285/yx8UN5kfQhhuxaVcceig4OUiCZQBtaEtmA1Q78QSTN9iXOQ7X2EViybrEvtQ==}

  cluster-key-slot@1.1.2:
    resolution: {integrity: sha512-RMr0FhtfXemyinomL4hrWcYJxmX6deFdCxpJzhDttxgO1+bcCnkk+9drydLVDmAMG7NE6aN/fl4F7ucU/90gAA==}
    engines: {node: '>=0.10.0'}

  connect-redis@7.1.1:
    resolution: {integrity: sha512-M+z7alnCJiuzKa8/1qAYdGUXHYfDnLolOGAUjOioB07pP39qxjG+X9ibsud7qUBc4jMV5Mcy3ugGv8eFcgamJQ==}
    engines: {node: '>=16'}
    peerDependencies:
      express-session: '>=1'

  connect@2.12.0:
    resolution: {integrity: sha512-i3poGdQamCEvDhvaFuG99KUDCU1Cvv7S2T6YfpY4X2+a0+uDrUcpRk08AQEge3NhtidVKfODQfpoMW4xlbQ0LQ==}
    engines: {node: '>= 0.8.0'}
    deprecated: connect 2.x series is deprecated

  connect_router@1.8.7:
    resolution: {integrity: sha512-rq0c/5Nx8mwtOVn9LsHMBX/fPhEOE23bX6XmOOneuzIj8yVsAAggh+x1cJj+xifOU4UIG/Slk6QWSyelRlw7aQ==}
    deprecated: Please use https://github.com/expressjs/urlrouter instead. Note that some bugfixes introduced in urlrouter may cause unexpected behavior in a few rare edge cases.

  cookie-parser@1.4.6:
    resolution: {integrity: sha512-z3IzaNjdwUC2olLIB5/ITd0/setiaFMLYiZJle7xg5Fe9KWAceil7xszYfHHBtDFYLSgJduS2Ty0P1uJdPDJeA==}
    engines: {node: '>= 0.8.0'}

  cookie-signature@1.0.1:
    resolution: {integrity: sha512-FMG5ziBzXZ5d4j5obbWOH1X7AtIpsU9ce9mQ+lHo/I1++kzz/isNarOj6T1lBPRspP3mZpuIutc7OVDVcaN1Kg==}

  cookie-signature@1.0.6:
    resolution: {integrity: sha512-QADzlaHc8icV8I7vbaJXJwod9HWYp8uCqf1xa4OfNu1T7JVxQIrUgOWtHdNDtPiywmFbiS12VjotIXLrKM3orQ==}

  cookie-signature@1.0.7:
    resolution: {integrity: sha512-NXdYc3dLr47pBkpUCHtKSwIOQXLVn8dZEuywboCOJY/osA0wFSLlSawr3KN8qXJEyX66FcONTH8EIlVuK0yyFA==}

  cookie@0.1.0:
    resolution: {integrity: sha512-YSNOBX085/nzHvrTLEHYHoNdkvpLU1MPjU3r1IGawudZJjfuqnRNIFrcOJJ7bfwC+HWbHL1Y4yMkC0O+HWjV7w==}

  cookie@0.4.1:
    resolution: {integrity: sha512-ZwrFkGJxUR3EIoXtO+yVE69Eb7KlixbaeAWfBQB9vVsNn/o+Yw69gBWSSDK825hQNdN+wF8zELf3dFNl/kxkUA==}
    engines: {node: '>= 0.6'}

  cookie@0.6.0:
    resolution: {integrity: sha512-U71cyTamuh1CRNCfpGY6to28lxvNwPG4Guz/EVjgf3Jmzv0vlDp1atT9eS5dDjMYHucpHbWns6Lwf3BKz6svdw==}
    engines: {node: '>= 0.6'}

  core-util-is@1.0.3:
    resolution: {integrity: sha512-ZQBvi1DcpJ4GDqanjucZ2Hj3wEO5pZDS89BWbkcrvdxksJorwUDDZamX9ldFkp9aw2lmBDLgkObEA4DWNJ9FYQ==}

  debug@0.8.1:
    resolution: {integrity: sha512-HlXEJm99YsRjLJ8xmuz0Lq8YUwrv7hAJkTEr6/Em3sUlSUNl0UdFA+1SrY4fnykeq1FVkUEUtwRGHs9VvlYbGA==}
    peerDependencies:
      supports-color: '*'
    peerDependenciesMeta:
      supports-color:
        optional: true

  debug@2.6.9:
    resolution: {integrity: sha512-bC7ElrdJaJnPbAP+1EotYvqZsb3ecl5wi6Bfi6BJTUcNowp6cvspg0jXznRTKDjm/E7AdgFBVeAPVMNcKGsHMA==}
    peerDependencies:
      supports-color: '*'
    peerDependenciesMeta:
      supports-color:
        optional: true

  debug@4.3.5:
    resolution: {integrity: sha512-pt0bNEmneDIvdL1Xsd9oDQ/wrQRkXDT4AUWlNZNPKvW5x/jyO9VFXkJUP07vQ2upmw5PlaITaPKc31jK13V+jg==}
    engines: {node: '>=6.0'}
    peerDependencies:
      supports-color: '*'
    peerDependenciesMeta:
      supports-color:
        optional: true

  denque@2.1.0:
    resolution: {integrity: sha512-HVQE3AAb/pxF8fQAoiqpvg9i3evqug3hoiwakOyZAwJm+6vZehbkYXZ0l4JxS+I3QxM97v5aaRNhj8v5oBhekw==}
    engines: {node: '>=0.10'}

  depd@2.0.0:
    resolution: {integrity: sha512-g7nH6P6dyDioJogAAGprGpCtVImJhpPk/roCzdb3fIh61/s/nPsfR6onyMwkCAR/OlC3yBC0lESvUoQEAssIrw==}
    engines: {node: '>= 0.8'}

  express-session@1.18.0:
    resolution: {integrity: sha512-m93QLWr0ju+rOwApSsyso838LQwgfs44QtOP/WBiwtAgPIo/SAh1a5c6nn2BR6mFNZehTpqKDESzP+fRHVbxwQ==}
    engines: {node: '>= 0.8.0'}

  fresh@0.2.0:
    resolution: {integrity: sha512-ckGdAuSRr1wBmnq7CsW7eU37DBwQxHx3vW8foJUIrF56rkOy8Osm6Fe8KSwemwyKejivKki7jVBgpBpBJexmrw==}

  inherits@2.0.4:
    resolution: {integrity: sha512-k/vGaX4/Yla3WzyMCvTQOXYeIHvqOKtnqBduzTHpzpQZzAskKMhZ2K+EnBiSM9zGSoIFeMpXKxa4dYeZIQqewQ==}

  ioredis@5.4.1:
    resolution: {integrity: sha512-2YZsvl7jopIa1gaePkeMtd9rAcSjOOjPtpcLlOeusyO+XH2SK5ZcT+UCrElPP+WVIInh2TzeI4XW9ENaSLVVHA==}
    engines: {node: '>=12.22.0'}

  isarray@0.0.1:
    resolution: {integrity: sha512-D2S+3GLxWH+uhrNEcoh/fnmYeP8E8/zHl644d/jdA0g2uyXvy3sb0qxotE+ne0LtccHknQzWwZEzhak7oJ0COQ==}

  lodash.defaults@4.2.0:
    resolution: {integrity: sha512-qjxPLHd3r5DnsdGacqOMU6pb/avJzdh9tFX2ymgoZE27BmjXrNy/y4LoaiTeAb+O3gL8AfpJGtqfX/ae2leYYQ==}

  lodash.isarguments@3.1.0:
    resolution: {integrity: sha512-chi4NHZlZqZD18a0imDHnZPrDeBbTtVN7GXMwuGdRH9qotxAjYs3aVLKc7zNOG9eddR5Ksd8rvFEBc9SsggPpg==}

  methods@0.1.0:
    resolution: {integrity: sha512-N4cn4CbDqu7Fp3AT4z3AsO19calgczhsmCGzXLCiUOrWg9sjb1B+yKFKOrnnPGKKvjyJBmw+k6b3adFN2LbuBw==}

  mime@1.2.11:
    resolution: {integrity: sha512-Ysa2F/nqTNGHhhm9MV8ure4+Hc+Y8AWiqUdHxsO7xu8zc92ND9f3kpALHjaP026Ft17UfxrMt95c50PLUeynBw==}

  ms@2.0.0:
    resolution: {integrity: sha512-Tpp60P6IUJDTuOq/5Z8cdskzJujfwqfOTkrwIwj7IRISpnkJnT6SyJ4PCPnGMoFjC9ddhal5KVIYtAt97ix05A==}

  ms@2.1.2:
    resolution: {integrity: sha512-sGkPx+VjMtmA6MX27oA4FBFELFCZZ4S4XqeGOXCv68tT+jb3vk/RyaKWP0PTKyWtmLSM0b+adUTEvbs1PEaH2w==}

  multiparty@2.2.0:
    resolution: {integrity: sha512-fiFMI4tSze1TsrWFZNABRwy7kF/VycEWz4t0UFESOoP5IdJh29AUFmbirWXv/Ih/rNw62OO2YaQpQEiw1BFQpQ==}
    engines: {node: '>=0.8.0'}

  negotiator@0.3.0:
    resolution: {integrity: sha512-q9wF64uB31BDZQ44DWf+8gE7y8xSpBdREAsJfnBO2WX9ecsutfUO6S9uWEdixlDLOlWaqnlnFXXwZxUUmyLfgg==}

  oauth@0.10.0:
    resolution: {integrity: sha512-1orQ9MT1vHFGQxhuy7E/0gECD3fd2fCC+PIX+/jgmU/gI3EpRocXtmtvxCO5x3WZ443FLTLFWNDjl5MPJf9u+Q==}

  oauth@0.9.15:
    resolution: {integrity: sha512-a5ERWK1kh38ExDEfoO6qUHJb32rd7aYmPHuyCu3Fta/cnICvYmgd2uhuKXvPD+PXB+gCEYYEaQdIRAjCOwAKNA==}

  on-headers@1.0.2:
    resolution: {integrity: sha512-pZAE+FJLoyITytdqK0U5s+FIpjN0JP3OzFi/u8Rx+EV5/W+JTWGXG8xFzevE7AjBfDqHv/8vL8qQsIhHnqRkrA==}
    engines: {node: '>= 0.8'}

  parseurl@1.3.3:
    resolution: {integrity: sha512-CiyeOxFT/JZyN5m0z9PfXw4SCBJ6Sygz1Dpl0wqjlhDEGGBP1GnsUVEL0p63hoG1fcj3fHynXi9NYO4nWOL+qQ==}
    engines: {node: '>= 0.8'}

  passport-http-bearer@1.0.1:
    resolution: {integrity: sha512-SELQM+dOTuMigr9yu8Wo4Fm3ciFfkMq5h/ZQ8ffi4ELgZrX1xh9PlglqZdcUZ1upzJD/whVyt+YWF62s3U6Ipw==}
    engines: {node: '>= 0.4.0'}

  passport-ldsauth@0.9.1:
    resolution: {integrity: sha512-oyjQRUyZsiqWa29sKV55P+zvCMpPJ60AOgdVes4mUoOmoh3oywY7jmI0eWzckxY9M/OxHQyLjNN0ilH5XwJUaw==}

  passport-oauth1@1.3.0:
    resolution: {integrity: sha512-8T/nX4gwKTw0PjxP1xfD0QhrydQNakzeOpZ6M5Uqdgz9/a/Ag62RmJxnZQ4LkbdXGrRehQHIAHNAu11rCP46Sw==}
    engines: {node: '>= 0.4.0'}

  passport-oauth2@1.8.0:
    resolution: {integrity: sha512-cjsQbOrXIDE4P8nNb3FQRCCmJJ/utnFKEz2NX209f7KOHPoX18gF7gBzBbLLsj2/je4KrgiwLLGjf0lm9rtTBA==}
    engines: {node: '>= 0.4.0'}

  passport-oauth@1.0.0:
    resolution: {integrity: sha512-4IZNVsZbN1dkBzmEbBqUxDG8oFOIK81jqdksE3HEb/vI3ib3FMjbiZZ6MTtooyYZzmKu0BfovjvT1pdGgIq+4Q==}
    engines: {node: '>= 0.4.0'}

  passport-strategy@1.0.0:
    resolution: {integrity: sha512-CB97UUvDKJde2V0KDWWB3lyf6PC3FaZP7YxZ2G8OAtn9p4HI9j9JLP9qjOGZFvyl8uwNT8qM+hGnz/n16NI7oA==}
    engines: {node: '>= 0.4.0'}

  passport@0.1.18:
    resolution: {integrity: sha512-qteYojKG/qth7UBbbGU7aqhe5ndJs6YaUkH2B6+7FWQ0OeyYmWknzOATpMhdoSTDcLLliq9n4Fcy1mGs80iUMw==}
    engines: {node: '>= 0.4.0'}

  pause@0.0.1:
    resolution: {integrity: sha512-KG8UEiEVkR3wGEb4m5yZkVCzigAD+cVEJck2CzYZO37ZGJfctvVptVO192MwrtPhzONn6go8ylnOdMhKqi4nfg==}

  pkginfo@0.2.3:
    resolution: {integrity: sha512-7W7wTrE/NsY8xv/DTGjwNIyNah81EQH0MWcTzrHL6pOpMocOGZc0Mbdz9aXxSrp+U0mSmkU8jrNCDCfUs3sOBg==}
    engines: {node: '>= 0.4.0'}

  qs@0.6.6:
    resolution: {integrity: sha512-kN+yNdAf29Jgp+AYHUmC7X4QdJPR8czuMWLNLc0aRxkQ7tB3vJQEONKKT9ou/rW7EbqVec11srC9q9BiVbcnHA==}

  random-bytes@1.0.0:
    resolution: {integrity: sha512-iv7LhNVO047HzYR3InF6pUcUsPQiHTM1Qal51DcGSuZFBil1aBBWG5eHPNek7bvILMaYJ/8RU1e8w1AMdHmLQQ==}
    engines: {node: '>= 0.8'}

  range-parser@0.0.4:
    resolution: {integrity: sha512-okJVEq9DbZyg+5lD8pr6ooQmeA0uu8DYIyAU7VK1WUUK7hctI1yw2ZHhKiKjB6RXaDrYRmTR4SsIHkyiQpaLMA==}

  raw-body@1.1.2:
    resolution: {integrity: sha512-9Vyxam2+QrtmNIc3mFrwazAXOeQdxgFvS3vvkvH02R5YbdsaSqL4N9M93s0znkh0q4cGBk8CbrqOSGkz3BUeDg==}
    engines: {node: '>= 0.8.0'}

  readable-stream@1.1.14:
    resolution: {integrity: sha512-+MeVjFf4L44XUkhM1eYbD8fyEsxcV81pqMSR5gblfcLCHfZvbrqy4/qYHE+/R5HoBUT11WV5O08Cr1n3YXkWVQ==}

  redis-errors@1.2.0:
    resolution: {integrity: sha512-1qny3OExCf0UvUV/5wpYKf2YwPcOqXzkwKKSmKHiE6ZMQs5heeE/c8eXK+PNllPvmjgAbfnsbpkGZWy8cBpn9w==}
    engines: {node: '>=4'}

  redis-parser@3.0.0:
    resolution: {integrity: sha512-DJnGAeenTdpMEH6uAJRK/uiyEIH9WVsUmoLwzudwGJUwZPp80PDBWPHXSAGNPwNvIXAbe7MSUB1zQFugFml66A==}
    engines: {node: '>=4'}

  safe-buffer@5.2.1:
    resolution: {integrity: sha512-rp3So07KcdmmKbGvgaNxQSJr7bGVSVk5S9Eq1F+ppbRo70+YeaDxkw5Dd8NPN+GD6bjnYm2VuPuCXmpuYvmCXQ==}

  send@0.1.4:
    resolution: {integrity: sha512-NJnIaB29/EcNqkNneUAm16oEVnzM2LeNBc/hmgKuExv2k9pCZQEw8SHJeCdjqesHJTyWAr7x5HjeOmRFS4BoFw==}

  standard-as-callback@2.1.0:
    resolution: {integrity: sha512-qoRRSyROncaz1z0mvYqIE4lCd9p2R90i6GxW3uZv5ucSu8tU7B5HXUP1gG8pVZsYNVaXjk8ClXHPttLyxAL48A==}

  stream-counter@0.2.0:
    resolution: {integrity: sha512-GjA2zKc2iXUUKRcOxXQmhEx0Ev3XHJ6c8yWGqhQjWwhGrqNwSsvq9YlRLgoGtZ5Kx2Ln94IedaqJ5GUG6aBbxA==}
    engines: {node: '>=0.8.0'}

  string_decoder@0.10.31:
    resolution: {integrity: sha512-ev2QzSzWPYmy9GuqfIVildA4OdcGLeFZQrq5ys6RtiuF+RQQiZWr8TZNyAcuVXyQRYfEO+MsoB/1BuQVhOJuoQ==}

  uid-safe@2.1.5:
    resolution: {integrity: sha512-KPHm4VL5dDXKz01UuEd88Df+KzynaohSL9fBh096KWAxSKZQDI2uBrVqtvRM4rwrIrRRKsdLNML/lnaaVSRioA==}
    engines: {node: '>= 0.8'}

  uid2@0.0.3:
    resolution: {integrity: sha512-5gSP1liv10Gjp8cMEnFd6shzkL/D6W1uhXSFNCxDC+YI8+L8wkCYCbJ7n77Ezb4wE/xzMogecE+DtamEe9PZjg==}

  uid2@0.0.4:
    resolution: {integrity: sha512-IevTus0SbGwQzYh3+fRsAMTVVPOoIVufzacXcHPmdlle1jUpq7BRL+mw3dgeLanvGZdwwbWhRV6XrcFNdBmjWA==}

  utils-merge@1.0.1:
    resolution: {integrity: sha512-pMZTvIkT1d+TFGvDOqodOclx0QWkkgi6Tdoa8gC8ffGAAqz9pzPTZWAybbsHHoED/ztMtkv/VoYTYyShUn81hA==}
    engines: {node: '>= 0.4.0'}

snapshots:

  '@ioredis/commands@1.2.0': {}

  base64url@3.0.1: {}

  batch@0.5.0: {}

  buffer-crc32@0.2.1: {}

  bytes@0.2.1: {}

  cluster-key-slot@1.1.2: {}

  connect-redis@7.1.1(express-session@1.18.0):
    dependencies:
      express-session: 1.18.0

  connect@2.12.0:
    dependencies:
      batch: 0.5.0
      buffer-crc32: 0.2.1
      bytes: 0.2.1
      cookie: 0.1.0
      cookie-signature: 1.0.1
      debug: 0.8.1
      fresh: 0.2.0
      methods: 0.1.0
      multiparty: 2.2.0
      negotiator: 0.3.0
      pause: 0.0.1
      qs: 0.6.6
      raw-body: 1.1.2
      send: 0.1.4
      uid2: 0.0.3
    transitivePeerDependencies:
      - supports-color

  connect_router@1.8.7: {}

  cookie-parser@1.4.6:
    dependencies:
      cookie: 0.4.1
      cookie-signature: 1.0.6

  cookie-signature@1.0.1: {}

  cookie-signature@1.0.6: {}

  cookie-signature@1.0.7: {}

  cookie@0.1.0: {}

  cookie@0.4.1: {}

  cookie@0.6.0: {}

  core-util-is@1.0.3: {}

  debug@0.8.1: {}

  debug@2.6.9:
    dependencies:
      ms: 2.0.0

  debug@4.3.5:
    dependencies:
      ms: 2.1.2

  denque@2.1.0: {}

  depd@2.0.0: {}

  express-session@1.18.0:
    dependencies:
      cookie: 0.6.0
      cookie-signature: 1.0.7
      debug: 2.6.9
      depd: 2.0.0
      on-headers: 1.0.2
      parseurl: 1.3.3
      safe-buffer: 5.2.1
      uid-safe: 2.1.5
    transitivePeerDependencies:
      - supports-color

  fresh@0.2.0: {}

  inherits@2.0.4: {}

  ioredis@5.4.1:
    dependencies:
      '@ioredis/commands': 1.2.0
      cluster-key-slot: 1.1.2
      debug: 4.3.5
      denque: 2.1.0
      lodash.defaults: 4.2.0
      lodash.isarguments: 3.1.0
      redis-errors: 1.2.0
      redis-parser: 3.0.0
      standard-as-callback: 2.1.0
    transitivePeerDependencies:
      - supports-color

  isarray@0.0.1: {}

  lodash.defaults@4.2.0: {}

  lodash.isarguments@3.1.0: {}

  methods@0.1.0: {}

  mime@1.2.11: {}

  ms@2.0.0: {}

  ms@2.1.2: {}

  multiparty@2.2.0:
    dependencies:
      readable-stream: 1.1.14
      stream-counter: 0.2.0

  negotiator@0.3.0: {}

  oauth@0.10.0: {}

  oauth@0.9.15: {}

  on-headers@1.0.2: {}

  parseurl@1.3.3: {}

  passport-http-bearer@1.0.1:
    dependencies:
      passport-strategy: 1.0.0

  passport-ldsauth@0.9.1:
    dependencies:
      passport-oauth: 1.0.0

  passport-oauth1@1.3.0:
    dependencies:
      oauth: 0.9.15
      passport-strategy: 1.0.0
      utils-merge: 1.0.1

  passport-oauth2@1.8.0:
    dependencies:
      base64url: 3.0.1
      oauth: 0.10.0
      passport-strategy: 1.0.0
      uid2: 0.0.4
      utils-merge: 1.0.1

  passport-oauth@1.0.0:
    dependencies:
      passport-oauth1: 1.3.0
      passport-oauth2: 1.8.0

  passport-strategy@1.0.0: {}

  passport@0.1.18:
    dependencies:
      pause: 0.0.1
      pkginfo: 0.2.3

  pause@0.0.1: {}

  pkginfo@0.2.3: {}

  qs@0.6.6: {}

  random-bytes@1.0.0: {}

  range-parser@0.0.4: {}

  raw-body@1.1.2:
    dependencies:
      bytes: 0.2.1

  readable-stream@1.1.14:
    dependencies:
      core-util-is: 1.0.3
      inherits: 2.0.4
      isarray: 0.0.1
      string_decoder: 0.10.31

  redis-errors@1.2.0: {}

  redis-parser@3.0.0:
    dependencies:
      redis-errors: 1.2.0

  safe-buffer@5.2.1: {}

  send@0.1.4:
    dependencies:
      debug: 0.8.1
      fresh: 0.2.0
      mime: 1.2.11
      range-parser: 0.0.4
    transitivePeerDependencies:
      - supports-color

  standard-as-callback@2.1.0: {}

  stream-counter@0.2.0:
    dependencies:
      readable-stream: 1.1.14

  string_decoder@0.10.31: {}

  uid-safe@2.1.5:
    dependencies:
      random-bytes: 1.0.0

  uid2@0.0.3: {}

  uid2@0.0.4: {}

  utils-merge@1.0.1: {}
